
Microsoft Visual Studio Solution File, Format Version 12.00
# Visual Studio 15
VisualStudioVersion = 15.0.27428.2005
MinimumVisualStudioVersion = 10.0.40219.1
Project("{FAE04EC0-301F-11D3-BF4B-00C04F79EFBC}") = "Puzzle", "Puzzle\Puzzle.csproj", "{A7BEDAE9-FF3C-452C-B6D1-7EAA66055E14}"
EndProject
Global
	GlobalSection(SolutionConfigurationPlatforms) = preSolution
		Debug|Any CPU = Debug|Any CPU
		Release|Any CPU = Release|Any CPU
	EndGlobalSection
	GlobalSection(ProjectConfigurationPlatforms) = postSolution
		{A7BEDAE9-FF3C-452C-B6D1-7EAA66055E14}.Debug|Any CPU.ActiveCfg = Debug|Any CPU
		{A7BEDAE9-FF3C-452C-B6D1-7EAA66055E14}.Debug|Any CPU.Build.0 = Debug|Any CPU
		{A7BEDAE9-FF3C-452C-B6D1-7EAA66055E14}.Release|Any CPU.ActiveCfg = Release|Any CPU
		{A7BEDAE9-FF3C-452C-B6D1-7EAA66055E14}.Release|Any CPU.Build.0 = Release|Any CPU
	EndGlobalSection
	GlobalSection(SolutionProperties) = preSolution
		HideSolutionNode = FALSE
	EndGlobalSection
	GlobalSection(ExtensibilityGlobals) = postSolution
		SolutionGuid = {AEFF982C-BE23-4BB9-BBA3-4D77F51D01AE}
	EndGlobalSection
EndGlobal
