
Microsoft Visual Studio Solution File, Format Version 12.00
# Visual Studio 15
VisualStudioVersion = 15.0.27130.2027
MinimumVisualStudioVersion = 10.0.40219.1
Project("{FAE04EC0-301F-11D3-BF4B-00C04F79EFBC}") = "Proj02", "Proj02\Proj02.csproj", "{B57F068C-D491-469F-A6D6-976E7C762681}"
EndProject
Global
	GlobalSection(SolutionConfigurationPlatforms) = preSolution
		Debug|Any CPU = Debug|Any CPU
		Release|Any CPU = Release|Any CPU
	EndGlobalSection
	GlobalSection(ProjectConfigurationPlatforms) = postSolution
		{B57F068C-D491-469F-A6D6-976E7C762681}.Debug|Any CPU.ActiveCfg = Debug|Any CPU
		{B57F068C-D491-469F-A6D6-976E7C762681}.Debug|Any CPU.Build.0 = Debug|Any CPU
		{B57F068C-D491-469F-A6D6-976E7C762681}.Release|Any CPU.ActiveCfg = Release|Any CPU
		{B57F068C-D491-469F-A6D6-976E7C762681}.Release|Any CPU.Build.0 = Release|Any CPU
	EndGlobalSection
	GlobalSection(SolutionProperties) = preSolution
		HideSolutionNode = FALSE
	EndGlobalSection
	GlobalSection(ExtensibilityGlobals) = postSolution
		SolutionGuid = {AE804B53-CC1D-4BDD-B503-D2B6A861571D}
	EndGlobalSection
EndGlobal
